
Microsoft Visual Studio Solution File, Format Version 12.00
# Visual Studio Version 17
VisualStudioVersion = 17.9.34616.47
MinimumVisualStudioVersion = 10.0.40219.1
Project("{8BC9CEB8-8B4A-11D0-8D11-00A0C91BC942}") = "Pointers", "Pointers\Pointers.vcxproj", "{81276A88-95DD-44B6-BF7A-729D7810D16D}"
EndProject
Project("{8BC9CEB8-8B4A-11D0-8D11-00A0C91BC942}") = "TransferParametrs", "TransferParametrs\TransferParametrs.vcxproj", "{0FB7D24C-E709-4E3F-926C-CD2BCB555BB5}"
EndProject
Project("{8BC9CEB8-8B4A-11D0-8D11-00A0C91BC942}") = "References", "References\References.vcxproj", "{3293F8B6-C4AE-476F-8CE4-970F4A0F792B}"
EndProject
Project("{8BC9CEB8-8B4A-11D0-8D11-00A0C91BC942}") = "DynamicMemory", "DynamicMemory\DynamicMemory.vcxproj", "{E2512879-4ED4-4EC8-B230-2B3E7F39C5F4}"
EndProject
Project("{8BC9CEB8-8B4A-11D0-8D11-00A0C91BC942}") = "Split", "Split\Split.vcxproj", "{0E677BD9-0202-4456-B715-77395FE20B58}"
EndProject
Global
	GlobalSection(SolutionConfigurationPlatforms) = preSolution
		Debug|x64 = Debug|x64
		Debug|x86 = Debug|x86
		Release|x64 = Release|x64
		Release|x86 = Release|x86
	EndGlobalSection
	GlobalSection(ProjectConfigurationPlatforms) = postSolution
		{81276A88-95DD-44B6-BF7A-729D7810D16D}.Debug|x64.ActiveCfg = Debug|x64
		{81276A88-95DD-44B6-BF7A-729D7810D16D}.Debug|x64.Build.0 = Debug|x64
		{81276A88-95DD-44B6-BF7A-729D7810D16D}.Debug|x86.ActiveCfg = Debug|Win32
		{81276A88-95DD-44B6-BF7A-729D7810D16D}.Debug|x86.Build.0 = Debug|Win32
		{81276A88-95DD-44B6-BF7A-729D7810D16D}.Release|x64.ActiveCfg = Release|x64
		{81276A88-95DD-44B6-BF7A-729D7810D16D}.Release|x64.Build.0 = Release|x64
		{81276A88-95DD-44B6-BF7A-729D7810D16D}.Release|x86.ActiveCfg = Release|Win32
		{81276A88-95DD-44B6-BF7A-729D7810D16D}.Release|x86.Build.0 = Release|Win32
		{0FB7D24C-E709-4E3F-926C-CD2BCB555BB5}.Debug|x64.ActiveCfg = Debug|x64
		{0FB7D24C-E709-4E3F-926C-CD2BCB555BB5}.Debug|x64.Build.0 = Debug|x64
		{0FB7D24C-E709-4E3F-926C-CD2BCB555BB5}.Debug|x86.ActiveCfg = Debug|Win32
		{0FB7D24C-E709-4E3F-926C-CD2BCB555BB5}.Debug|x86.Build.0 = Debug|Win32
		{0FB7D24C-E709-4E3F-926C-CD2BCB555BB5}.Release|x64.ActiveCfg = Release|x64
		{0FB7D24C-E709-4E3F-926C-CD2BCB555BB5}.Release|x64.Build.0 = Release|x64
		{0FB7D24C-E709-4E3F-926C-CD2BCB555BB5}.Release|x86.ActiveCfg = Release|Win32
		{0FB7D24C-E709-4E3F-926C-CD2BCB555BB5}.Release|x86.Build.0 = Release|Win32
		{3293F8B6-C4AE-476F-8CE4-970F4A0F792B}.Debug|x64.ActiveCfg = Debug|x64
		{3293F8B6-C4AE-476F-8CE4-970F4A0F792B}.Debug|x64.Build.0 = Debug|x64
		{3293F8B6-C4AE-476F-8CE4-970F4A0F792B}.Debug|x86.ActiveCfg = Debug|Win32
		{3293F8B6-C4AE-476F-8CE4-970F4A0F792B}.Debug|x86.Build.0 = Debug|Win32
		{3293F8B6-C4AE-476F-8CE4-970F4A0F792B}.Release|x64.ActiveCfg = Release|x64
		{3293F8B6-C4AE-476F-8CE4-970F4A0F792B}.Release|x64.Build.0 = Release|x64
		{3293F8B6-C4AE-476F-8CE4-970F4A0F792B}.Release|x86.ActiveCfg = Release|Win32
		{3293F8B6-C4AE-476F-8CE4-970F4A0F792B}.Release|x86.Build.0 = Release|Win32
		{E2512879-4ED4-4EC8-B230-2B3E7F39C5F4}.Debug|x64.ActiveCfg = Debug|x64
		{E2512879-4ED4-4EC8-B230-2B3E7F39C5F4}.Debug|x64.Build.0 = Debug|x64
		{E2512879-4ED4-4EC8-B230-2B3E7F39C5F4}.Debug|x86.ActiveCfg = Debug|Win32
		{E2512879-4ED4-4EC8-B230-2B3E7F39C5F4}.Debug|x86.Build.0 = Debug|Win32
		{E2512879-4ED4-4EC8-B230-2B3E7F39C5F4}.Release|x64.ActiveCfg = Release|x64
		{E2512879-4ED4-4EC8-B230-2B3E7F39C5F4}.Release|x64.Build.0 = Release|x64
		{E2512879-4ED4-4EC8-B230-2B3E7F39C5F4}.Release|x86.ActiveCfg = Release|Win32
		{E2512879-4ED4-4EC8-B230-2B3E7F39C5F4}.Release|x86.Build.0 = Release|Win32
		{0E677BD9-0202-4456-B715-77395FE20B58}.Debug|x64.ActiveCfg = Debug|x64
		{0E677BD9-0202-4456-B715-77395FE20B58}.Debug|x64.Build.0 = Debug|x64
		{0E677BD9-0202-4456-B715-77395FE20B58}.Debug|x86.ActiveCfg = Debug|Win32
		{0E677BD9-0202-4456-B715-77395FE20B58}.Debug|x86.Build.0 = Debug|Win32
		{0E677BD9-0202-4456-B715-77395FE20B58}.Release|x64.ActiveCfg = Release|x64
		{0E677BD9-0202-4456-B715-77395FE20B58}.Release|x64.Build.0 = Release|x64
		{0E677BD9-0202-4456-B715-77395FE20B58}.Release|x86.ActiveCfg = Release|Win32
		{0E677BD9-0202-4456-B715-77395FE20B58}.Release|x86.Build.0 = Release|Win32
	EndGlobalSection
	GlobalSection(SolutionProperties) = preSolution
		HideSolutionNode = FALSE
	EndGlobalSection
	GlobalSection(ExtensibilityGlobals) = postSolution
		SolutionGuid = {550C837F-D23D-40E5-B549-C492F83347CF}
	EndGlobalSection
EndGlobal
